
Microsoft Visual Studio Solution File, Format Version 12.00
# Visual Studio Version 17
VisualStudioVersion = 17.9.34728.123
MinimumVisualStudioVersion = 10.0.40219.1
Project("{9A19103F-16F7-4668-BE54-9A1E7A4F7556}") = "Manero-Customer", "Manero-Customer\Manero-Customer\Manero-Customer.csproj", "{962C5DF9-B8C3-43ED-825B-19F8B899A7BB}"
EndProject
Project("{9A19103F-16F7-4668-BE54-9A1E7A4F7556}") = "Manero-Customer.Client", "Manero-Customer\Manero-Customer.Client\Manero-Customer.Client.csproj", "{D497DCFD-7A94-487A-BD37-81D42DE3EC5B}"
EndProject
Project("{9A19103F-16F7-4668-BE54-9A1E7A4F7556}") = "ManeroCustomerTest", "ManeroCustomerTest\ManeroCustomerTest.csproj", "{49809128-4800-4DFF-A29A-2A0675BC5EC7}"
EndProject
Project("{FAE04EC0-301F-11D3-BF4B-00C04F79EFBC}") = "Business", "Business\Business.csproj", "{2E672FA6-9517-433B-945F-4E315DCFB8C9}"
EndProject
Global
	GlobalSection(SolutionConfigurationPlatforms) = preSolution
		Debug|Any CPU = Debug|Any CPU
		Release|Any CPU = Release|Any CPU
	EndGlobalSection
	GlobalSection(ProjectConfigurationPlatforms) = postSolution
		{962C5DF9-B8C3-43ED-825B-19F8B899A7BB}.Debug|Any CPU.ActiveCfg = Debug|Any CPU
		{962C5DF9-B8C3-43ED-825B-19F8B899A7BB}.Debug|Any CPU.Build.0 = Debug|Any CPU
		{962C5DF9-B8C3-43ED-825B-19F8B899A7BB}.Release|Any CPU.ActiveCfg = Release|Any CPU
		{962C5DF9-B8C3-43ED-825B-19F8B899A7BB}.Release|Any CPU.Build.0 = Release|Any CPU
		{D497DCFD-7A94-487A-BD37-81D42DE3EC5B}.Debug|Any CPU.ActiveCfg = Debug|Any CPU
		{D497DCFD-7A94-487A-BD37-81D42DE3EC5B}.Debug|Any CPU.Build.0 = Debug|Any CPU
		{D497DCFD-7A94-487A-BD37-81D42DE3EC5B}.Release|Any CPU.ActiveCfg = Release|Any CPU
		{D497DCFD-7A94-487A-BD37-81D42DE3EC5B}.Release|Any CPU.Build.0 = Release|Any CPU
		{49809128-4800-4DFF-A29A-2A0675BC5EC7}.Debug|Any CPU.ActiveCfg = Debug|Any CPU
		{49809128-4800-4DFF-A29A-2A0675BC5EC7}.Debug|Any CPU.Build.0 = Debug|Any CPU
		{49809128-4800-4DFF-A29A-2A0675BC5EC7}.Release|Any CPU.ActiveCfg = Release|Any CPU
		{49809128-4800-4DFF-A29A-2A0675BC5EC7}.Release|Any CPU.Build.0 = Release|Any CPU
		{2E672FA6-9517-433B-945F-4E315DCFB8C9}.Debug|Any CPU.ActiveCfg = Debug|Any CPU
		{2E672FA6-9517-433B-945F-4E315DCFB8C9}.Debug|Any CPU.Build.0 = Debug|Any CPU
		{2E672FA6-9517-433B-945F-4E315DCFB8C9}.Release|Any CPU.ActiveCfg = Release|Any CPU
		{2E672FA6-9517-433B-945F-4E315DCFB8C9}.Release|Any CPU.Build.0 = Release|Any CPU
	EndGlobalSection
	GlobalSection(SolutionProperties) = preSolution
		HideSolutionNode = FALSE
	EndGlobalSection
	GlobalSection(ExtensibilityGlobals) = postSolution
		SolutionGuid = {99658F7E-88C7-434E-A792-F314241D1F88}
	EndGlobalSection
EndGlobal
